
Microsoft Visual Studio Solution File, Format Version 12.00
# Visual Studio Version 17
VisualStudioVersion = 17.4.33403.182
MinimumVisualStudioVersion = 10.0.40219.1
Project("{FAE04EC0-301F-11D3-BF4B-00C04F79EFBC}") = "GAudio", "GAudio\GAudio.csproj", "{4C4A3348-83BB-4B6F-9E93-EF399CAE8D79}"
EndProject
Global
	GlobalSection(SolutionConfigurationPlatforms) = preSolution
		Debug|Any CPU = Debug|Any CPU
		Release|Any CPU = Release|Any CPU
	EndGlobalSection
	GlobalSection(ProjectConfigurationPlatforms) = postSolution
		{4C4A3348-83BB-4B6F-9E93-EF399CAE8D79}.Debug|Any CPU.ActiveCfg = Debug|Any CPU
		{4C4A3348-83BB-4B6F-9E93-EF399CAE8D79}.Debug|Any CPU.Build.0 = Debug|Any CPU
		{4C4A3348-83BB-4B6F-9E93-EF399CAE8D79}.Release|Any CPU.ActiveCfg = Release|Any CPU
		{4C4A3348-83BB-4B6F-9E93-EF399CAE8D79}.Release|Any CPU.Build.0 = Release|Any CPU
	EndGlobalSection
	GlobalSection(SolutionProperties) = preSolution
		HideSolutionNode = FALSE
	EndGlobalSection
	GlobalSection(ExtensibilityGlobals) = postSolution
		SolutionGuid = {F657E199-FF43-46D2-A45D-1C18672AEBBF}
	EndGlobalSection
EndGlobal
